
Microsoft Visual Studio Solution File, Format Version 12.00
# Visual Studio Version 17
VisualStudioVersion = 17.6.33815.320
MinimumVisualStudioVersion = 10.0.40219.1
Project("{9A19103F-16F7-4668-BE54-9A1E7A4F7556}") = "Catalog.Api", "Catalog.Api\Catalog.Api.csproj", "{B27AD2DE-E0B6-4F74-B597-EC3C1E172977}"
EndProject
Project("{E53339B2-1760-4266-BCC7-CA923CBCF16C}") = "docker-compose", "docker-compose.dcproj", "{6932EDF0-871F-49FE-8FF2-CC140A88D661}"
EndProject
Project("{2150E333-8FDC-42A3-9474-1A3956D46DE8}") = "Catalog", "Catalog", "{CA0C0929-1D2A-460D-A2D0-19E13D9E6DED}"
EndProject
Project("{2150E333-8FDC-42A3-9474-1A3956D46DE8}") = "Basket", "Basket", "{C1D589F5-3A83-46EA-BB8F-03C6EDEF047C}"
EndProject
Project("{FAE04EC0-301F-11D3-BF4B-00C04F79EFBC}") = "Basket.Api", "Basket.Api\Basket.Api.csproj", "{9BDA7368-8397-4E79-A926-CA6EEBD7E3A8}"
EndProject
Project("{2150E333-8FDC-42A3-9474-1A3956D46DE8}") = "Inventory", "Inventory", "{EAC037D6-98BB-4BB6-A447-DB662C2BC57F}"
EndProject
Project("{FAE04EC0-301F-11D3-BF4B-00C04F79EFBC}") = "Inventory.grpc", "Inventory.grpc\Inventory.grpc.csproj", "{6EF15D27-3790-4393-884C-CE7CC54D6B33}"
EndProject
Project("{2150E333-8FDC-42A3-9474-1A3956D46DE8}") = "Ordering", "Ordering", "{66D4E820-7EAB-4DE3-A516-863EE4EE160B}"
EndProject
Project("{FAE04EC0-301F-11D3-BF4B-00C04F79EFBC}") = "Ordering.Api", "Ordering.Api\Ordering.Api.csproj", "{42235DAD-4E55-4FD6-ABAA-550BE20FE24D}"
EndProject
Project("{FAE04EC0-301F-11D3-BF4B-00C04F79EFBC}") = "Ordering.Domain", "Ordering.Domain\Ordering.Domain.csproj", "{D6E1FE94-CD3A-4F37-969C-8A9E901D2676}"
EndProject
Project("{FAE04EC0-301F-11D3-BF4B-00C04F79EFBC}") = "Ordering.Infrastructure", "Ordering.Infrastructure\Ordering.Infrastructure.csproj", "{CA034167-E1AF-4CA5-9DD6-70CDE0AC8917}"
EndProject
Project("{FAE04EC0-301F-11D3-BF4B-00C04F79EFBC}") = "Ordering.Application", "Ordering.Application\Ordering.Application.csproj", "{D97792A9-E113-4E6E-BA55-7948A2F5D8B5}"
EndProject
Global
	GlobalSection(SolutionConfigurationPlatforms) = preSolution
		Debug|Any CPU = Debug|Any CPU
		Release|Any CPU = Release|Any CPU
	EndGlobalSection
	GlobalSection(ProjectConfigurationPlatforms) = postSolution
		{B27AD2DE-E0B6-4F74-B597-EC3C1E172977}.Debug|Any CPU.ActiveCfg = Debug|Any CPU
		{B27AD2DE-E0B6-4F74-B597-EC3C1E172977}.Debug|Any CPU.Build.0 = Debug|Any CPU
		{B27AD2DE-E0B6-4F74-B597-EC3C1E172977}.Release|Any CPU.ActiveCfg = Release|Any CPU
		{B27AD2DE-E0B6-4F74-B597-EC3C1E172977}.Release|Any CPU.Build.0 = Release|Any CPU
		{6932EDF0-871F-49FE-8FF2-CC140A88D661}.Debug|Any CPU.ActiveCfg = Debug|Any CPU
		{6932EDF0-871F-49FE-8FF2-CC140A88D661}.Debug|Any CPU.Build.0 = Debug|Any CPU
		{6932EDF0-871F-49FE-8FF2-CC140A88D661}.Release|Any CPU.ActiveCfg = Release|Any CPU
		{6932EDF0-871F-49FE-8FF2-CC140A88D661}.Release|Any CPU.Build.0 = Release|Any CPU
		{9BDA7368-8397-4E79-A926-CA6EEBD7E3A8}.Debug|Any CPU.ActiveCfg = Debug|Any CPU
		{9BDA7368-8397-4E79-A926-CA6EEBD7E3A8}.Debug|Any CPU.Build.0 = Debug|Any CPU
		{9BDA7368-8397-4E79-A926-CA6EEBD7E3A8}.Release|Any CPU.ActiveCfg = Release|Any CPU
		{9BDA7368-8397-4E79-A926-CA6EEBD7E3A8}.Release|Any CPU.Build.0 = Release|Any CPU
		{6EF15D27-3790-4393-884C-CE7CC54D6B33}.Debug|Any CPU.ActiveCfg = Debug|Any CPU
		{6EF15D27-3790-4393-884C-CE7CC54D6B33}.Debug|Any CPU.Build.0 = Debug|Any CPU
		{6EF15D27-3790-4393-884C-CE7CC54D6B33}.Release|Any CPU.ActiveCfg = Release|Any CPU
		{6EF15D27-3790-4393-884C-CE7CC54D6B33}.Release|Any CPU.Build.0 = Release|Any CPU
		{42235DAD-4E55-4FD6-ABAA-550BE20FE24D}.Debug|Any CPU.ActiveCfg = Debug|Any CPU
		{42235DAD-4E55-4FD6-ABAA-550BE20FE24D}.Debug|Any CPU.Build.0 = Debug|Any CPU
		{42235DAD-4E55-4FD6-ABAA-550BE20FE24D}.Release|Any CPU.ActiveCfg = Release|Any CPU
		{42235DAD-4E55-4FD6-ABAA-550BE20FE24D}.Release|Any CPU.Build.0 = Release|Any CPU
		{D6E1FE94-CD3A-4F37-969C-8A9E901D2676}.Debug|Any CPU.ActiveCfg = Debug|Any CPU
		{D6E1FE94-CD3A-4F37-969C-8A9E901D2676}.Debug|Any CPU.Build.0 = Debug|Any CPU
		{D6E1FE94-CD3A-4F37-969C-8A9E901D2676}.Release|Any CPU.ActiveCfg = Release|Any CPU
		{D6E1FE94-CD3A-4F37-969C-8A9E901D2676}.Release|Any CPU.Build.0 = Release|Any CPU
		{CA034167-E1AF-4CA5-9DD6-70CDE0AC8917}.Debug|Any CPU.ActiveCfg = Debug|Any CPU
		{CA034167-E1AF-4CA5-9DD6-70CDE0AC8917}.Debug|Any CPU.Build.0 = Debug|Any CPU
		{CA034167-E1AF-4CA5-9DD6-70CDE0AC8917}.Release|Any CPU.ActiveCfg = Release|Any CPU
		{CA034167-E1AF-4CA5-9DD6-70CDE0AC8917}.Release|Any CPU.Build.0 = Release|Any CPU
		{D97792A9-E113-4E6E-BA55-7948A2F5D8B5}.Debug|Any CPU.ActiveCfg = Debug|Any CPU
		{D97792A9-E113-4E6E-BA55-7948A2F5D8B5}.Debug|Any CPU.Build.0 = Debug|Any CPU
		{D97792A9-E113-4E6E-BA55-7948A2F5D8B5}.Release|Any CPU.ActiveCfg = Release|Any CPU
		{D97792A9-E113-4E6E-BA55-7948A2F5D8B5}.Release|Any CPU.Build.0 = Release|Any CPU
	EndGlobalSection
	GlobalSection(SolutionProperties) = preSolution
		HideSolutionNode = FALSE
	EndGlobalSection
	GlobalSection(NestedProjects) = preSolution
		{B27AD2DE-E0B6-4F74-B597-EC3C1E172977} = {CA0C0929-1D2A-460D-A2D0-19E13D9E6DED}
		{9BDA7368-8397-4E79-A926-CA6EEBD7E3A8} = {C1D589F5-3A83-46EA-BB8F-03C6EDEF047C}
		{6EF15D27-3790-4393-884C-CE7CC54D6B33} = {EAC037D6-98BB-4BB6-A447-DB662C2BC57F}
		{42235DAD-4E55-4FD6-ABAA-550BE20FE24D} = {66D4E820-7EAB-4DE3-A516-863EE4EE160B}
		{D6E1FE94-CD3A-4F37-969C-8A9E901D2676} = {66D4E820-7EAB-4DE3-A516-863EE4EE160B}
		{CA034167-E1AF-4CA5-9DD6-70CDE0AC8917} = {66D4E820-7EAB-4DE3-A516-863EE4EE160B}
		{D97792A9-E113-4E6E-BA55-7948A2F5D8B5} = {66D4E820-7EAB-4DE3-A516-863EE4EE160B}
	EndGlobalSection
	GlobalSection(ExtensibilityGlobals) = postSolution
		SolutionGuid = {9EE6DD5B-69F6-4493-B80E-F5854B476EE8}
	EndGlobalSection
EndGlobal
